
Microsoft Visual Studio Solution File, Format Version 12.00
# Visual Studio Version 17
VisualStudioVersion = 17.0.32112.339
MinimumVisualStudioVersion = 10.0.40219.1
Project("{FAE04EC0-301F-11D3-BF4B-00C04F79EFBC}") = "TodoApi", "TodoApi\TodoApi.csproj", "{CE58F9CE-3FA1-44AC-A00A-AFB80111CA2D}"
EndProject
Global
	GlobalSection(SolutionConfigurationPlatforms) = preSolution
		Debug|Any CPU = Debug|Any CPU
		Release|Any CPU = Release|Any CPU
	EndGlobalSection
	GlobalSection(ProjectConfigurationPlatforms) = postSolution
		{CE58F9CE-3FA1-44AC-A00A-AFB80111CA2D}.Debug|Any CPU.ActiveCfg = Debug|Any CPU
		{CE58F9CE-3FA1-44AC-A00A-AFB80111CA2D}.Debug|Any CPU.Build.0 = Debug|Any CPU
		{CE58F9CE-3FA1-44AC-A00A-AFB80111CA2D}.Release|Any CPU.ActiveCfg = Release|Any CPU
		{CE58F9CE-3FA1-44AC-A00A-AFB80111CA2D}.Release|Any CPU.Build.0 = Release|Any CPU
	EndGlobalSection
	GlobalSection(SolutionProperties) = preSolution
		HideSolutionNode = FALSE
	EndGlobalSection
	GlobalSection(ExtensibilityGlobals) = postSolution
		SolutionGuid = {74D9D21C-2539-4530-93EA-B70255141DF5}
	EndGlobalSection
EndGlobal
